
Microsoft Visual Studio Solution File, Format Version 12.00
# Visual Studio Version 17
VisualStudioVersion = 17.11.35327.3
MinimumVisualStudioVersion = 10.0.40219.1
Project("{FAE04EC0-301F-11D3-BF4B-00C04F79EFBC}") = "WebAppCustomers", "WebAppCustomers\WebAppCustomers.csproj", "{6B949208-4127-473C-AACB-456CC625C520}"
EndProject
Project("{FAE04EC0-301F-11D3-BF4B-00C04F79EFBC}") = "TestProject1", "TestProject1\TestProject1.csproj", "{98CE0D44-E656-4395-B6D9-EB8FC6DDDA4C}"
EndProject
Global
	GlobalSection(SolutionConfigurationPlatforms) = preSolution
		Debug|Any CPU = Debug|Any CPU
		Release|Any CPU = Release|Any CPU
	EndGlobalSection
	GlobalSection(ProjectConfigurationPlatforms) = postSolution
		{6B949208-4127-473C-AACB-456CC625C520}.Debug|Any CPU.ActiveCfg = Debug|Any CPU
		{6B949208-4127-473C-AACB-456CC625C520}.Debug|Any CPU.Build.0 = Debug|Any CPU
		{6B949208-4127-473C-AACB-456CC625C520}.Release|Any CPU.ActiveCfg = Release|Any CPU
		{6B949208-4127-473C-AACB-456CC625C520}.Release|Any CPU.Build.0 = Release|Any CPU
		{98CE0D44-E656-4395-B6D9-EB8FC6DDDA4C}.Debug|Any CPU.ActiveCfg = Debug|Any CPU
		{98CE0D44-E656-4395-B6D9-EB8FC6DDDA4C}.Debug|Any CPU.Build.0 = Debug|Any CPU
		{98CE0D44-E656-4395-B6D9-EB8FC6DDDA4C}.Release|Any CPU.ActiveCfg = Release|Any CPU
		{98CE0D44-E656-4395-B6D9-EB8FC6DDDA4C}.Release|Any CPU.Build.0 = Release|Any CPU
	EndGlobalSection
	GlobalSection(SolutionProperties) = preSolution
		HideSolutionNode = FALSE
	EndGlobalSection
	GlobalSection(ExtensibilityGlobals) = postSolution
		SolutionGuid = {27E24BAB-1617-4500-8AA3-30E34ABFBEA8}
	EndGlobalSection
EndGlobal
